// !$*UTF8*$!
{
	archiveVersion = 1;
	classes = {
	};
	objectVersion = 48;
	objects = {

/* Begin PBXBuildFile section */
		4313A85E1FFE9A3F0043C927 /* UIImage+ImageEffects.m in Sources */ = {isa = PBXBuildFile; fileRef = 4313A85D1FFE9A3F0043C927 /* UIImage+ImageEffects.m */; };
		43367EED2008A771004D6B2C /* ClinicCollectionViewCell.swift in Sources */ = {isa = PBXBuildFile; fileRef = 43367EEC2008A771004D6B2C /* ClinicCollectionViewCell.swift */; };
		43378CCF200DF6CB00F088C4 /* MissingPet.swift in Sources */ = {isa = PBXBuildFile; fileRef = 43378CCE200DF6CB00F088C4 /* MissingPet.swift */; };
		43378CD1200DF99200F088C4 /* PetSearchViewModel.swift in Sources */ = {isa = PBXBuildFile; fileRef = 43378CD0200DF99200F088C4 /* PetSearchViewModel.swift */; };
		4339A3FC201B3ED50094B310 /* group3.png in Resources */ = {isa = PBXBuildFile; fileRef = 4339A3F9201B3ED50094B310 /* group3.png */; };
		433B09CA1FFE587C00EA0906 /* AccountViewController.swift in Sources */ = {isa = PBXBuildFile; fileRef = 433B09C91FFE587C00EA0906 /* AccountViewController.swift */; };
		43617C4220124B3D0025FEA5 /* MissingPetTableViewCell.swift in Sources */ = {isa = PBXBuildFile; fileRef = 43617C4120124B3D0025FEA5 /* MissingPetTableViewCell.swift */; };
		43705BF02014C9F200D7296B /* EmptyStateView.swift in Sources */ = {isa = PBXBuildFile; fileRef = 43705BEF2014C9F200D7296B /* EmptyStateView.swift */; };
		43705BF22014DD3C00D7296B /* CustomLocation.swift in Sources */ = {isa = PBXBuildFile; fileRef = 43705BF12014DD3C00D7296B /* CustomLocation.swift */; };
		43705BF42014EED600D7296B /* InfoPopView.swift in Sources */ = {isa = PBXBuildFile; fileRef = 43705BF32014EED600D7296B /* InfoPopView.swift */; };
		437312CC20126EE9000EC23E /* ListItemDetailTableViewCell.swift in Sources */ = {isa = PBXBuildFile; fileRef = 437312CB20126EE9000EC23E /* ListItemDetailTableViewCell.swift */; };
		437312CE201276CF000EC23E /* ButtonTableViewCell.swift in Sources */ = {isa = PBXBuildFile; fileRef = 437312CD201276CF000EC23E /* ButtonTableViewCell.swift */; };
		437312D0201289F7000EC23E /* ContributeViewController.swift in Sources */ = {isa = PBXBuildFile; fileRef = 437312CF201289F7000EC23E /* ContributeViewController.swift */; };
		437312D220128D2D000EC23E /* FeedbackViewController.swift in Sources */ = {isa = PBXBuildFile; fileRef = 437312D120128D2D000EC23E /* FeedbackViewController.swift */; };
		437312D420128FBB000EC23E /* TermsAndConditionsViewController.swift in Sources */ = {isa = PBXBuildFile; fileRef = 437312D320128FBB000EC23E /* TermsAndConditionsViewController.swift */; };
		438216842009D5980077FA5E /* animalhelpTests.swift in Sources */ = {isa = PBXBuildFile; fileRef = 438216832009D5980077FA5E /* animalhelpTests.swift */; };
		438A0D431FCDCB25005A8CA4 /* GoogleMapsCore.framework in Frameworks */ = {isa = PBXBuildFile; fileRef = 438A0D411FCDCB25005A8CA4 /* GoogleMapsCore.framework */; };
		438A0D451FCDCB27005A8CA4 /* GoogleMapsBase.framework in Frameworks */ = {isa = PBXBuildFile; fileRef = 438A0D441FCDCB27005A8CA4 /* GoogleMapsBase.framework */; };
		438A0D4F1FCDCB90005A8CA4 /* libc++.tbd in Frameworks */ = {isa = PBXBuildFile; fileRef = 438A0D4E1FCDCB90005A8CA4 /* libc++.tbd */; };
		438A0D511FCDCB9A005A8CA4 /* libz.tbd in Frameworks */ = {isa = PBXBuildFile; fileRef = 438A0D501FCDCB99005A8CA4 /* libz.tbd */; };
		438A0D5C1FCDD703005A8CA4 /* GoogleMaps.framework in Frameworks */ = {isa = PBXBuildFile; fileRef = 438A0D5B1FCDD703005A8CA4 /* GoogleMaps.framework */; };
		438A0D5E1FCDD709005A8CA4 /* GoogleMaps.bundle in Resources */ = {isa = PBXBuildFile; fileRef = 438A0D5D1FCDD709005A8CA4 /* GoogleMaps.bundle */; };
		438A0D621FCDEF70005A8CA4 /* Constants.swift in Sources */ = {isa = PBXBuildFile; fileRef = 438A0D611FCDEF70005A8CA4 /* Constants.swift */; };
		438A0D641FCDF2DA005A8CA4 /* Private.swift in Sources */ = {isa = PBXBuildFile; fileRef = 438A0D631FCDF2DA005A8CA4 /* Private.swift */; };
		4397D4622013C4D900A1C238 /* SelectLocationViewController.swift in Sources */ = {isa = PBXBuildFile; fileRef = 4397D4612013C4D900A1C238 /* SelectLocationViewController.swift */; };
		4397D4642013CB4C00A1C238 /* LocationManager.swift in Sources */ = {isa = PBXBuildFile; fileRef = 4397D4632013CB4C00A1C238 /* LocationManager.swift */; };
		4399372A200D3C00002D46BC /* CustomNavigationBar.swift in Sources */ = {isa = PBXBuildFile; fileRef = 43993729200D3C00002D46BC /* CustomNavigationBar.swift */; };
		439D2FBD1FC9E8EA00E6EB91 /* Clinic.swift in Sources */ = {isa = PBXBuildFile; fileRef = 439D2FBC1FC9E8EA00E6EB91 /* Clinic.swift */; };
		439D2FBF1FCA006400E6EB91 /* Moya.framework in Frameworks */ = {isa = PBXBuildFile; fileRef = 439D2FBE1FCA006400E6EB91 /* Moya.framework */; };
		439D2FC91FCA00AF00E6EB91 /* Result.framework in Frameworks */ = {isa = PBXBuildFile; fileRef = 439D2FC01FCA00AE00E6EB91 /* Result.framework */; };
		439D2FD01FCA00AF00E6EB91 /* Alamofire.framework in Frameworks */ = {isa = PBXBuildFile; fileRef = 439D2FC71FCA00AF00E6EB91 /* Alamofire.framework */; };
		439E489C1FCEBB2000FAFB67 /* APIService.swift in Sources */ = {isa = PBXBuildFile; fileRef = 439E489B1FCEBB2000FAFB67 /* APIService.swift */; };
		439E489E1FCF060400FAFB67 /* HomeViewModel.swift in Sources */ = {isa = PBXBuildFile; fileRef = 439E489D1FCF060400FAFB67 /* HomeViewModel.swift */; };
		43A2A5662011D33C000A7D76 /* SocialLoginTableViewCell.swift in Sources */ = {isa = PBXBuildFile; fileRef = 43A2A5652011D33C000A7D76 /* SocialLoginTableViewCell.swift */; };
		43A2A5682011D965000A7D76 /* UtilityFunctions.swift in Sources */ = {isa = PBXBuildFile; fileRef = 43A2A5672011D965000A7D76 /* UtilityFunctions.swift */; };
		43A2A56A2011DB97000A7D76 /* StandardListTableViewCell.swift in Sources */ = {isa = PBXBuildFile; fileRef = 43A2A5692011DB97000A7D76 /* StandardListTableViewCell.swift */; };
		43A2A56C2011E15D000A7D76 /* CustomSeparator.swift in Sources */ = {isa = PBXBuildFile; fileRef = 43A2A56B2011E15D000A7D76 /* CustomSeparator.swift */; };
		43A2A56E2011E358000A7D76 /* CustomUIKitExtensions.swift in Sources */ = {isa = PBXBuildFile; fileRef = 43A2A56D2011E358000A7D76 /* CustomUIKitExtensions.swift */; };
		43A94EB2201E40020018F3EA /* DetectLocationView.swift in Sources */ = {isa = PBXBuildFile; fileRef = 43A94EB1201E40020018F3EA /* DetectLocationView.swift */; };
		43A94EB4201E44360018F3EA /* OnboardingViewController.swift in Sources */ = {isa = PBXBuildFile; fileRef = 43A94EB3201E44360018F3EA /* OnboardingViewController.swift */; };
		43AC0A011FFE5BAD009F8D70 /* BaseViewController.swift in Sources */ = {isa = PBXBuildFile; fileRef = 43AC0A001FFE5BAD009F8D70 /* BaseViewController.swift */; };
		43AC0A031FFE7BD0009F8D70 /* CustomFonts.swift in Sources */ = {isa = PBXBuildFile; fileRef = 43AC0A021FFE7BD0009F8D70 /* CustomFonts.swift */; };
		43AC0A051FFE7D25009F8D70 /* DrawerView.swift in Sources */ = {isa = PBXBuildFile; fileRef = 43AC0A041FFE7D25009F8D70 /* DrawerView.swift */; };
		43AC0A071FFE7E25009F8D70 /* CustomColors.swift in Sources */ = {isa = PBXBuildFile; fileRef = 43AC0A061FFE7E25009F8D70 /* CustomColors.swift */; };
		43AE9B94201B1B9A0011272E /* FontAwesome.ttf in Resources */ = {isa = PBXBuildFile; fileRef = 43AE9B93201B1B9A0011272E /* FontAwesome.ttf */; };
		43AE9B95201B1E960011272E /* Info.plist in Resources */ = {isa = PBXBuildFile; fileRef = 43E86ACA1FBC320500B7130B /* Info.plist */; };
		43AE9B98201B22A20011272E /* NSString+FontAwesome.m in Sources */ = {isa = PBXBuildFile; fileRef = 43AE9B97201B22A10011272E /* NSString+FontAwesome.m */; };
		43BC0485200E6CC400EF64FD /* MissingPetDetailViewController.swift in Sources */ = {isa = PBXBuildFile; fileRef = 43BC0484200E6CC400EF64FD /* MissingPetDetailViewController.swift */; };
		43BC0487200E755B00EF64FD /* LoginManager.swift in Sources */ = {isa = PBXBuildFile; fileRef = 43BC0486200E755B00EF64FD /* LoginManager.swift */; };
		43BC0491200E811F00EF64FD /* GoogleSignIn.bundle in Resources */ = {isa = PBXBuildFile; fileRef = 43BC048E200E811D00EF64FD /* GoogleSignIn.bundle */; };
		43BC0492200E811F00EF64FD /* GoogleSignIn.framework in Frameworks */ = {isa = PBXBuildFile; fileRef = 43BC048F200E811E00EF64FD /* GoogleSignIn.framework */; };
		43BC0493200E811F00EF64FD /* GoogleSignInDependencies.framework in Frameworks */ = {isa = PBXBuildFile; fileRef = 43BC0490200E811E00EF64FD /* GoogleSignInDependencies.framework */; };
		43BC0496200E816F00EF64FD /* SafariServices.framework in Frameworks */ = {isa = PBXBuildFile; fileRef = 43BC0495200E816F00EF64FD /* SafariServices.framework */; };
		43BC0497200E817800EF64FD /* SystemConfiguration.framework in Frameworks */ = {isa = PBXBuildFile; fileRef = 438A0D541FCDCBAD005A8CA4 /* SystemConfiguration.framework */; };
		43BC0499200E81C900EF64FD /* GoogleService-Info.plist in Resources */ = {isa = PBXBuildFile; fileRef = 43BC0498200E81C900EF64FD /* GoogleService-Info.plist */; };
		43BC049B200E8A9900EF64FD /* FacebookCore.framework in Frameworks */ = {isa = PBXBuildFile; fileRef = 43BC049A200E8A9900EF64FD /* FacebookCore.framework */; };
		43BC049D200E8A9B00EF64FD /* FacebookLogin.framework in Frameworks */ = {isa = PBXBuildFile; fileRef = 43BC049C200E8A9B00EF64FD /* FacebookLogin.framework */; };
		43BC049F200E8A9E00EF64FD /* FacebookShare.framework in Frameworks */ = {isa = PBXBuildFile; fileRef = 43BC049E200E8A9E00EF64FD /* FacebookShare.framework */; };
		43BC04A3200E8AB800EF64FD /* FBSDKCoreKit.framework in Frameworks */ = {isa = PBXBuildFile; fileRef = 43BC04A0200E8AB800EF64FD /* FBSDKCoreKit.framework */; };
		43BC04A4200E8AB800EF64FD /* FBSDKShareKit.framework in Frameworks */ = {isa = PBXBuildFile; fileRef = 43BC04A1200E8AB800EF64FD /* FBSDKShareKit.framework */; };
		43BC04A5200E8AB800EF64FD /* FBSDKLoginKit.framework in Frameworks */ = {isa = PBXBuildFile; fileRef = 43BC04A2200E8AB800EF64FD /* FBSDKLoginKit.framework */; };
		43BC04A7200E8C5E00EF64FD /* Bolts.framework in Frameworks */ = {isa = PBXBuildFile; fileRef = 43BC04A6200E8C5E00EF64FD /* Bolts.framework */; };
		43BE2F181FFE59BC0005EDD0 /* PetSearchViewController.swift in Sources */ = {isa = PBXBuildFile; fileRef = 43BE2F171FFE59BC0005EDD0 /* PetSearchViewController.swift */; };
		43E86ABF1FBC320500B7130B /* AppDelegate.swift in Sources */ = {isa = PBXBuildFile; fileRef = 43E86ABE1FBC320500B7130B /* AppDelegate.swift */; };
		43E86AC11FBC320500B7130B /* HomeViewController.swift in Sources */ = {isa = PBXBuildFile; fileRef = 43E86AC01FBC320500B7130B /* HomeViewController.swift */; };
		43E86AC61FBC320500B7130B /* Assets.xcassets in Resources */ = {isa = PBXBuildFile; fileRef = 43E86AC51FBC320500B7130B /* Assets.xcassets */; };
		43E86AC91FBC320500B7130B /* LaunchScreen.storyboard in Resources */ = {isa = PBXBuildFile; fileRef = 43E86AC71FBC320500B7130B /* LaunchScreen.storyboard */; };
		43F6870D1FC5887300F4CED0 /* SnapKit.framework in Frameworks */ = {isa = PBXBuildFile; fileRef = 43F6870C1FC5887300F4CED0 /* SnapKit.framework */; };
/* End PBXBuildFile section */

/* Begin PBXContainerItemProxy section */
		438216862009D5980077FA5E /* PBXContainerItemProxy */ = {
			isa = PBXContainerItemProxy;
			containerPortal = 43E86AB31FBC320500B7130B /* Project object */;
			proxyType = 1;
			remoteGlobalIDString = 43E86ABA1FBC320500B7130B;
			remoteInfo = animalhelp;
		};
/* End PBXContainerItemProxy section */

/* Begin PBXFileReference section */
		4313A85B1FFE9A3D0043C927 /* animalhelp-Bridging-Header.h */ = {isa = PBXFileReference; lastKnownFileType = sourcecode.c.h; path = "animalhelp-Bridging-Header.h"; sourceTree = "<group>"; };
		4313A85C1FFE9A3F0043C927 /* UIImage+ImageEffects.h */ = {isa = PBXFileReference; fileEncoding = 4; lastKnownFileType = sourcecode.c.h; path = "UIImage+ImageEffects.h"; sourceTree = "<group>"; };
		4313A85D1FFE9A3F0043C927 /* UIImage+ImageEffects.m */ = {isa = PBXFileReference; fileEncoding = 4; lastKnownFileType = sourcecode.c.objc; path = "UIImage+ImageEffects.m"; sourceTree = "<group>"; };
		43367EEC2008A771004D6B2C /* ClinicCollectionViewCell.swift */ = {isa = PBXFileReference; lastKnownFileType = sourcecode.swift; path = ClinicCollectionViewCell.swift; sourceTree = "<group>"; };
		43378CCE200DF6CB00F088C4 /* MissingPet.swift */ = {isa = PBXFileReference; lastKnownFileType = sourcecode.swift; path = MissingPet.swift; sourceTree = "<group>"; };
		43378CD0200DF99200F088C4 /* PetSearchViewModel.swift */ = {isa = PBXFileReference; lastKnownFileType = sourcecode.swift; path = PetSearchViewModel.swift; sourceTree = "<group>"; };
		4339A3F9201B3ED50094B310 /* group3.png */ = {isa = PBXFileReference; lastKnownFileType = image.png; path = group3.png; sourceTree = "<group>"; };
		433B09C91FFE587C00EA0906 /* AccountViewController.swift */ = {isa = PBXFileReference; lastKnownFileType = sourcecode.swift; path = AccountViewController.swift; sourceTree = "<group>"; };
		43617C4120124B3D0025FEA5 /* MissingPetTableViewCell.swift */ = {isa = PBXFileReference; lastKnownFileType = sourcecode.swift; path = MissingPetTableViewCell.swift; sourceTree = "<group>"; };
		43705BEF2014C9F200D7296B /* EmptyStateView.swift */ = {isa = PBXFileReference; lastKnownFileType = sourcecode.swift; path = EmptyStateView.swift; sourceTree = "<group>"; };
		43705BF12014DD3C00D7296B /* CustomLocation.swift */ = {isa = PBXFileReference; lastKnownFileType = sourcecode.swift; path = CustomLocation.swift; sourceTree = "<group>"; };
		43705BF32014EED600D7296B /* InfoPopView.swift */ = {isa = PBXFileReference; lastKnownFileType = sourcecode.swift; path = InfoPopView.swift; sourceTree = "<group>"; };
		437312CB20126EE9000EC23E /* ListItemDetailTableViewCell.swift */ = {isa = PBXFileReference; lastKnownFileType = sourcecode.swift; path = ListItemDetailTableViewCell.swift; sourceTree = "<group>"; };
		437312CD201276CF000EC23E /* ButtonTableViewCell.swift */ = {isa = PBXFileReference; lastKnownFileType = sourcecode.swift; path = ButtonTableViewCell.swift; sourceTree = "<group>"; };
		437312CF201289F7000EC23E /* ContributeViewController.swift */ = {isa = PBXFileReference; lastKnownFileType = sourcecode.swift; path = ContributeViewController.swift; sourceTree = "<group>"; };
		437312D120128D2D000EC23E /* FeedbackViewController.swift */ = {isa = PBXFileReference; lastKnownFileType = sourcecode.swift; path = FeedbackViewController.swift; sourceTree = "<group>"; };
		437312D320128FBB000EC23E /* TermsAndConditionsViewController.swift */ = {isa = PBXFileReference; lastKnownFileType = sourcecode.swift; path = TermsAndConditionsViewController.swift; sourceTree = "<group>"; };
		438216812009D5980077FA5E /* animalhelpTests.xctest */ = {isa = PBXFileReference; explicitFileType = wrapper.cfbundle; includeInIndex = 0; path = animalhelpTests.xctest; sourceTree = BUILT_PRODUCTS_DIR; };
		438216832009D5980077FA5E /* animalhelpTests.swift */ = {isa = PBXFileReference; lastKnownFileType = sourcecode.swift; path = animalhelpTests.swift; sourceTree = "<group>"; };
		438216852009D5980077FA5E /* Info.plist */ = {isa = PBXFileReference; lastKnownFileType = text.plist.xml; path = Info.plist; sourceTree = "<group>"; };
		438A0D411FCDCB25005A8CA4 /* GoogleMapsCore.framework */ = {isa = PBXFileReference; lastKnownFileType = wrapper.framework; name = GoogleMapsCore.framework; path = Carthage/Build/iOS/GoogleMapsCore.framework; sourceTree = "<group>"; };
		438A0D441FCDCB27005A8CA4 /* GoogleMapsBase.framework */ = {isa = PBXFileReference; lastKnownFileType = wrapper.framework; name = GoogleMapsBase.framework; path = Carthage/Build/iOS/GoogleMapsBase.framework; sourceTree = "<group>"; };
		438A0D461FCDCB4C005A8CA4 /* Accelerate.framework */ = {isa = PBXFileReference; lastKnownFileType = wrapper.framework; name = Accelerate.framework; path = System/Library/Frameworks/Accelerate.framework; sourceTree = SDKROOT; };
		438A0D471FCDCB51005A8CA4 /* CoreData.framework */ = {isa = PBXFileReference; lastKnownFileType = wrapper.framework; name = CoreData.framework; path = System/Library/Frameworks/CoreData.framework; sourceTree = SDKROOT; };
		438A0D481FCDCB5B005A8CA4 /* CoreGraphics.framework */ = {isa = PBXFileReference; lastKnownFileType = wrapper.framework; name = CoreGraphics.framework; path = System/Library/Frameworks/CoreGraphics.framework; sourceTree = SDKROOT; };
		438A0D491FCDCB64005A8CA4 /* CoreLocation.framework */ = {isa = PBXFileReference; lastKnownFileType = wrapper.framework; name = CoreLocation.framework; path = System/Library/Frameworks/CoreLocation.framework; sourceTree = SDKROOT; };
		438A0D4A1FCDCB6A005A8CA4 /* CoreTelephony.framework */ = {isa = PBXFileReference; lastKnownFileType = wrapper.framework; name = CoreTelephony.framework; path = System/Library/Frameworks/CoreTelephony.framework; sourceTree = SDKROOT; };
		438A0D4B1FCDCB79005A8CA4 /* CoreText.framework */ = {isa = PBXFileReference; lastKnownFileType = wrapper.framework; name = CoreText.framework; path = System/Library/Frameworks/CoreText.framework; sourceTree = SDKROOT; };
		438A0D4C1FCDCB7F005A8CA4 /* GLKit.framework */ = {isa = PBXFileReference; lastKnownFileType = wrapper.framework; name = GLKit.framework; path = System/Library/Frameworks/GLKit.framework; sourceTree = SDKROOT; };
		438A0D4D1FCDCB85005A8CA4 /* ImageIO.framework */ = {isa = PBXFileReference; lastKnownFileType = wrapper.framework; name = ImageIO.framework; path = System/Library/Frameworks/ImageIO.framework; sourceTree = SDKROOT; };
		438A0D4E1FCDCB90005A8CA4 /* libc++.tbd */ = {isa = PBXFileReference; lastKnownFileType = "sourcecode.text-based-dylib-definition"; name = "libc++.tbd"; path = "usr/lib/libc++.tbd"; sourceTree = SDKROOT; };
		438A0D501FCDCB99005A8CA4 /* libz.tbd */ = {isa = PBXFileReference; lastKnownFileType = "sourcecode.text-based-dylib-definition"; name = libz.tbd; path = usr/lib/libz.tbd; sourceTree = SDKROOT; };
		438A0D521FCDCBA0005A8CA4 /* OpenGLES.framework */ = {isa = PBXFileReference; lastKnownFileType = wrapper.framework; name = OpenGLES.framework; path = System/Library/Frameworks/OpenGLES.framework; sourceTree = SDKROOT; };
		438A0D531FCDCBA8005A8CA4 /* QuartzCore.framework */ = {isa = PBXFileReference; lastKnownFileType = wrapper.framework; name = QuartzCore.framework; path = System/Library/Frameworks/QuartzCore.framework; sourceTree = SDKROOT; };
		438A0D541FCDCBAD005A8CA4 /* SystemConfiguration.framework */ = {isa = PBXFileReference; lastKnownFileType = wrapper.framework; name = SystemConfiguration.framework; path = System/Library/Frameworks/SystemConfiguration.framework; sourceTree = SDKROOT; };
		438A0D551FCDCBB2005A8CA4 /* UIKit.framework */ = {isa = PBXFileReference; lastKnownFileType = wrapper.framework; name = UIKit.framework; path = System/Library/Frameworks/UIKit.framework; sourceTree = SDKROOT; };
		438A0D5B1FCDD703005A8CA4 /* GoogleMaps.framework */ = {isa = PBXFileReference; lastKnownFileType = wrapper.framework; name = GoogleMaps.framework; path = Carthage/Build/iOS/GoogleMaps.framework; sourceTree = "<group>"; };
		438A0D5D1FCDD709005A8CA4 /* GoogleMaps.bundle */ = {isa = PBXFileReference; lastKnownFileType = "wrapper.plug-in"; name = GoogleMaps.bundle; path = Carthage/Build/iOS/GoogleMaps.framework/Resources/GoogleMaps.bundle; sourceTree = "<group>"; };
		438A0D611FCDEF70005A8CA4 /* Constants.swift */ = {isa = PBXFileReference; lastKnownFileType = sourcecode.swift; path = Constants.swift; sourceTree = "<group>"; };
		438A0D631FCDF2DA005A8CA4 /* Private.swift */ = {isa = PBXFileReference; fileEncoding = 4; lastKnownFileType = sourcecode.swift; path = Private.swift; sourceTree = "<group>"; };
		4397D4612013C4D900A1C238 /* SelectLocationViewController.swift */ = {isa = PBXFileReference; lastKnownFileType = sourcecode.swift; path = SelectLocationViewController.swift; sourceTree = "<group>"; };
		4397D4632013CB4C00A1C238 /* LocationManager.swift */ = {isa = PBXFileReference; lastKnownFileType = sourcecode.swift; path = LocationManager.swift; sourceTree = "<group>"; };
		43993729200D3C00002D46BC /* CustomNavigationBar.swift */ = {isa = PBXFileReference; lastKnownFileType = sourcecode.swift; path = CustomNavigationBar.swift; sourceTree = "<group>"; };
		439D2FBC1FC9E8EA00E6EB91 /* Clinic.swift */ = {isa = PBXFileReference; lastKnownFileType = sourcecode.swift; path = Clinic.swift; sourceTree = "<group>"; };
		439D2FBE1FCA006400E6EB91 /* Moya.framework */ = {isa = PBXFileReference; lastKnownFileType = wrapper.framework; name = Moya.framework; path = Carthage/Build/iOS/Moya.framework; sourceTree = "<group>"; };
		439D2FC01FCA00AE00E6EB91 /* Result.framework */ = {isa = PBXFileReference; lastKnownFileType = wrapper.framework; name = Result.framework; path = Carthage/Build/iOS/Result.framework; sourceTree = "<group>"; };
		439D2FC71FCA00AF00E6EB91 /* Alamofire.framework */ = {isa = PBXFileReference; lastKnownFileType = wrapper.framework; name = Alamofire.framework; path = Carthage/Build/iOS/Alamofire.framework; sourceTree = "<group>"; };
		439E489B1FCEBB2000FAFB67 /* APIService.swift */ = {isa = PBXFileReference; lastKnownFileType = sourcecode.swift; path = APIService.swift; sourceTree = "<group>"; };
		439E489D1FCF060400FAFB67 /* HomeViewModel.swift */ = {isa = PBXFileReference; lastKnownFileType = sourcecode.swift; path = HomeViewModel.swift; sourceTree = "<group>"; };
		43A2A5652011D33C000A7D76 /* SocialLoginTableViewCell.swift */ = {isa = PBXFileReference; lastKnownFileType = sourcecode.swift; path = SocialLoginTableViewCell.swift; sourceTree = "<group>"; };
		43A2A5672011D965000A7D76 /* UtilityFunctions.swift */ = {isa = PBXFileReference; lastKnownFileType = sourcecode.swift; path = UtilityFunctions.swift; sourceTree = "<group>"; };
		43A2A5692011DB97000A7D76 /* StandardListTableViewCell.swift */ = {isa = PBXFileReference; lastKnownFileType = sourcecode.swift; path = StandardListTableViewCell.swift; sourceTree = "<group>"; };
		43A2A56B2011E15D000A7D76 /* CustomSeparator.swift */ = {isa = PBXFileReference; lastKnownFileType = sourcecode.swift; path = CustomSeparator.swift; sourceTree = "<group>"; };
		43A2A56D2011E358000A7D76 /* CustomUIKitExtensions.swift */ = {isa = PBXFileReference; lastKnownFileType = sourcecode.swift; path = CustomUIKitExtensions.swift; sourceTree = "<group>"; };
		43A94EB1201E40020018F3EA /* DetectLocationView.swift */ = {isa = PBXFileReference; lastKnownFileType = sourcecode.swift; path = DetectLocationView.swift; sourceTree = "<group>"; };
		43A94EB3201E44360018F3EA /* OnboardingViewController.swift */ = {isa = PBXFileReference; lastKnownFileType = sourcecode.swift; path = OnboardingViewController.swift; sourceTree = "<group>"; };
		43AC0A001FFE5BAD009F8D70 /* BaseViewController.swift */ = {isa = PBXFileReference; lastKnownFileType = sourcecode.swift; path = BaseViewController.swift; sourceTree = "<group>"; };
		43AC0A021FFE7BD0009F8D70 /* CustomFonts.swift */ = {isa = PBXFileReference; lastKnownFileType = sourcecode.swift; path = CustomFonts.swift; sourceTree = "<group>"; };
		43AC0A041FFE7D25009F8D70 /* DrawerView.swift */ = {isa = PBXFileReference; lastKnownFileType = sourcecode.swift; path = DrawerView.swift; sourceTree = "<group>"; };
		43AC0A061FFE7E25009F8D70 /* CustomColors.swift */ = {isa = PBXFileReference; lastKnownFileType = sourcecode.swift; path = CustomColors.swift; sourceTree = "<group>"; };
		43AE9B93201B1B9A0011272E /* FontAwesome.ttf */ = {isa = PBXFileReference; lastKnownFileType = file; path = FontAwesome.ttf; sourceTree = "<group>"; };
		43AE9B96201B22A10011272E /* NSString+FontAwesome.h */ = {isa = PBXFileReference; fileEncoding = 4; lastKnownFileType = sourcecode.c.h; path = "NSString+FontAwesome.h"; sourceTree = "<group>"; };
		43AE9B97201B22A10011272E /* NSString+FontAwesome.m */ = {isa = PBXFileReference; fileEncoding = 4; lastKnownFileType = sourcecode.c.objc; path = "NSString+FontAwesome.m"; sourceTree = "<group>"; };
		43BC0484200E6CC400EF64FD /* MissingPetDetailViewController.swift */ = {isa = PBXFileReference; lastKnownFileType = sourcecode.swift; path = MissingPetDetailViewController.swift; sourceTree = "<group>"; };
		43BC0486200E755B00EF64FD /* LoginManager.swift */ = {isa = PBXFileReference; lastKnownFileType = sourcecode.swift; path = LoginManager.swift; sourceTree = "<group>"; };
		43BC048E200E811D00EF64FD /* GoogleSignIn.bundle */ = {isa = PBXFileReference; lastKnownFileType = "wrapper.plug-in"; path = GoogleSignIn.bundle; sourceTree = "<group>"; };
		43BC048F200E811E00EF64FD /* GoogleSignIn.framework */ = {isa = PBXFileReference; lastKnownFileType = wrapper.framework; path = GoogleSignIn.framework; sourceTree = "<group>"; };
		43BC0490200E811E00EF64FD /* GoogleSignInDependencies.framework */ = {isa = PBXFileReference; lastKnownFileType = wrapper.framework; path = GoogleSignInDependencies.framework; sourceTree = "<group>"; };
		43BC0495200E816F00EF64FD /* SafariServices.framework */ = {isa = PBXFileReference; lastKnownFileType = wrapper.framework; name = SafariServices.framework; path = System/Library/Frameworks/SafariServices.framework; sourceTree = SDKROOT; };
		43BC0498200E81C900EF64FD /* GoogleService-Info.plist */ = {isa = PBXFileReference; fileEncoding = 4; lastKnownFileType = text.plist.xml; path = "GoogleService-Info.plist"; sourceTree = "<group>"; };
		43BC049A200E8A9900EF64FD /* FacebookCore.framework */ = {isa = PBXFileReference; lastKnownFileType = wrapper.framework; name = FacebookCore.framework; path = Carthage/Build/iOS/FacebookCore.framework; sourceTree = "<group>"; };
		43BC049C200E8A9B00EF64FD /* FacebookLogin.framework */ = {isa = PBXFileReference; lastKnownFileType = wrapper.framework; name = FacebookLogin.framework; path = Carthage/Build/iOS/FacebookLogin.framework; sourceTree = "<group>"; };
		43BC049E200E8A9E00EF64FD /* FacebookShare.framework */ = {isa = PBXFileReference; lastKnownFileType = wrapper.framework; name = FacebookShare.framework; path = Carthage/Build/iOS/FacebookShare.framework; sourceTree = "<group>"; };
		43BC04A0200E8AB800EF64FD /* FBSDKCoreKit.framework */ = {isa = PBXFileReference; lastKnownFileType = wrapper.framework; name = FBSDKCoreKit.framework; path = Carthage/Build/iOS/FBSDKCoreKit.framework; sourceTree = "<group>"; };
		43BC04A1200E8AB800EF64FD /* FBSDKShareKit.framework */ = {isa = PBXFileReference; lastKnownFileType = wrapper.framework; name = FBSDKShareKit.framework; path = Carthage/Build/iOS/FBSDKShareKit.framework; sourceTree = "<group>"; };
		43BC04A2200E8AB800EF64FD /* FBSDKLoginKit.framework */ = {isa = PBXFileReference; lastKnownFileType = wrapper.framework; name = FBSDKLoginKit.framework; path = Carthage/Build/iOS/FBSDKLoginKit.framework; sourceTree = "<group>"; };
		43BC04A6200E8C5E00EF64FD /* Bolts.framework */ = {isa = PBXFileReference; lastKnownFileType = wrapper.framework; name = Bolts.framework; path = Carthage/Build/iOS/Bolts.framework; sourceTree = "<group>"; };
		43BE2F171FFE59BC0005EDD0 /* PetSearchViewController.swift */ = {isa = PBXFileReference; lastKnownFileType = sourcecode.swift; path = PetSearchViewController.swift; sourceTree = "<group>"; };
		43E86ABB1FBC320500B7130B /* animalhelp.app */ = {isa = PBXFileReference; explicitFileType = wrapper.application; includeInIndex = 0; path = animalhelp.app; sourceTree = BUILT_PRODUCTS_DIR; };
		43E86ABE1FBC320500B7130B /* AppDelegate.swift */ = {isa = PBXFileReference; lastKnownFileType = sourcecode.swift; path = AppDelegate.swift; sourceTree = "<group>"; };
		43E86AC01FBC320500B7130B /* HomeViewController.swift */ = {isa = PBXFileReference; lastKnownFileType = sourcecode.swift; path = HomeViewController.swift; sourceTree = "<group>"; };
		43E86AC51FBC320500B7130B /* Assets.xcassets */ = {isa = PBXFileReference; lastKnownFileType = folder.assetcatalog; path = Assets.xcassets; sourceTree = "<group>"; };
		43E86AC81FBC320500B7130B /* Base */ = {isa = PBXFileReference; lastKnownFileType = file.storyboard; name = Base; path = Base.lproj/LaunchScreen.storyboard; sourceTree = "<group>"; };
		43E86ACA1FBC320500B7130B /* Info.plist */ = {isa = PBXFileReference; lastKnownFileType = text.plist.xml; path = Info.plist; sourceTree = "<group>"; };
		43F6870C1FC5887300F4CED0 /* SnapKit.framework */ = {isa = PBXFileReference; lastKnownFileType = wrapper.framework; name = SnapKit.framework; path = Carthage/Build/iOS/SnapKit.framework; sourceTree = "<group>"; };
/* End PBXFileReference section */

/* Begin PBXFrameworksBuildPhase section */
		4382167E2009D5980077FA5E /* Frameworks */ = {
			isa = PBXFrameworksBuildPhase;
			buildActionMask = 2147483647;
			files = (
			);
			runOnlyForDeploymentPostprocessing = 0;
		};
		43E86AB81FBC320500B7130B /* Frameworks */ = {
			isa = PBXFrameworksBuildPhase;
			buildActionMask = 2147483647;
			files = (
				43BC0497200E817800EF64FD /* SystemConfiguration.framework in Frameworks */,
				43BC0496200E816F00EF64FD /* SafariServices.framework in Frameworks */,
				43BC04A3200E8AB800EF64FD /* FBSDKCoreKit.framework in Frameworks */,
				43BC04A4200E8AB800EF64FD /* FBSDKShareKit.framework in Frameworks */,
				43BC04A5200E8AB800EF64FD /* FBSDKLoginKit.framework in Frameworks */,
				43F6870D1FC5887300F4CED0 /* SnapKit.framework in Frameworks */,
				43BC049F200E8A9E00EF64FD /* FacebookShare.framework in Frameworks */,
				43BC049D200E8A9B00EF64FD /* FacebookLogin.framework in Frameworks */,
				43BC04A7200E8C5E00EF64FD /* Bolts.framework in Frameworks */,
				439D2FC91FCA00AF00E6EB91 /* Result.framework in Frameworks */,
				43BC049B200E8A9900EF64FD /* FacebookCore.framework in Frameworks */,
				438A0D4F1FCDCB90005A8CA4 /* libc++.tbd in Frameworks */,
				438A0D451FCDCB27005A8CA4 /* GoogleMapsBase.framework in Frameworks */,
				43BC0493200E811F00EF64FD /* GoogleSignInDependencies.framework in Frameworks */,
				438A0D431FCDCB25005A8CA4 /* GoogleMapsCore.framework in Frameworks */,
				438A0D5C1FCDD703005A8CA4 /* GoogleMaps.framework in Frameworks */,
				439D2FD01FCA00AF00E6EB91 /* Alamofire.framework in Frameworks */,
				438A0D511FCDCB9A005A8CA4 /* libz.tbd in Frameworks */,
				439D2FBF1FCA006400E6EB91 /* Moya.framework in Frameworks */,
				43BC0492200E811F00EF64FD /* GoogleSignIn.framework in Frameworks */,
			);
			runOnlyForDeploymentPostprocessing = 0;
		};
/* End PBXFrameworksBuildPhase section */

/* Begin PBXGroup section */
		433B09CB1FFE588000EA0906 /* Account Page */ = {
			isa = PBXGroup;
			children = (
				433B09C91FFE587C00EA0906 /* AccountViewController.swift */,
				43A2A5652011D33C000A7D76 /* SocialLoginTableViewCell.swift */,
				437312CF201289F7000EC23E /* ContributeViewController.swift */,
				437312D120128D2D000EC23E /* FeedbackViewController.swift */,
				437312D320128FBB000EC23E /* TermsAndConditionsViewController.swift */,
			);
			path = "Account Page";
			sourceTree = "<group>";
		};
		438216822009D5980077FA5E /* animalhelpTests */ = {
			isa = PBXGroup;
			children = (
				438216832009D5980077FA5E /* animalhelpTests.swift */,
				438216852009D5980077FA5E /* Info.plist */,
			);
			path = animalhelpTests;
			sourceTree = "<group>";
		};
		4387C4491FFA212800810698 /* Home Page */ = {
			isa = PBXGroup;
			children = (
				439E489D1FCF060400FAFB67 /* HomeViewModel.swift */,
				43E86AC01FBC320500B7130B /* HomeViewController.swift */,
				43AC0A041FFE7D25009F8D70 /* DrawerView.swift */,
				43367EEC2008A771004D6B2C /* ClinicCollectionViewCell.swift */,
				43A94EB1201E40020018F3EA /* DetectLocationView.swift */,
				43A94EB3201E44360018F3EA /* OnboardingViewController.swift */,
			);
			path = "Home Page";
			sourceTree = "<group>";
		};
		4387C44A1FFA213F00810698 /* Models */ = {
			isa = PBXGroup;
			children = (
				439D2FBC1FC9E8EA00E6EB91 /* Clinic.swift */,
				43378CCE200DF6CB00F088C4 /* MissingPet.swift */,
				43705BF12014DD3C00D7296B /* CustomLocation.swift */,
			);
			path = Models;
			sourceTree = "<group>";
		};
		4387C44B1FFA214500810698 /* Commons */ = {
			isa = PBXGroup;
			children = (
				4313A85B1FFE9A3D0043C927 /* animalhelp-Bridging-Header.h */,
				43AE9B96201B22A10011272E /* NSString+FontAwesome.h */,
				43AE9B97201B22A10011272E /* NSString+FontAwesome.m */,
				4313A85C1FFE9A3F0043C927 /* UIImage+ImageEffects.h */,
				4313A85D1FFE9A3F0043C927 /* UIImage+ImageEffects.m */,
				439E489B1FCEBB2000FAFB67 /* APIService.swift */,
				438A0D631FCDF2DA005A8CA4 /* Private.swift */,
				438A0D611FCDEF70005A8CA4 /* Constants.swift */,
				43AC0A001FFE5BAD009F8D70 /* BaseViewController.swift */,
				43AC0A021FFE7BD0009F8D70 /* CustomFonts.swift */,
				43AC0A061FFE7E25009F8D70 /* CustomColors.swift */,
				43993729200D3C00002D46BC /* CustomNavigationBar.swift */,
				43BC0486200E755B00EF64FD /* LoginManager.swift */,
				43A2A5672011D965000A7D76 /* UtilityFunctions.swift */,
				43A2A5692011DB97000A7D76 /* StandardListTableViewCell.swift */,
				43A2A56B2011E15D000A7D76 /* CustomSeparator.swift */,
				43A2A56D2011E358000A7D76 /* CustomUIKitExtensions.swift */,
				4397D4612013C4D900A1C238 /* SelectLocationViewController.swift */,
				4397D4632013CB4C00A1C238 /* LocationManager.swift */,
				43705BEF2014C9F200D7296B /* EmptyStateView.swift */,
				43705BF32014EED600D7296B /* InfoPopView.swift */,
			);
			path = Commons;
			sourceTree = "<group>";
		};
		43AC09FF1FFE5A6E009F8D70 /* Pet Search page */ = {
			isa = PBXGroup;
			children = (
				43BE2F171FFE59BC0005EDD0 /* PetSearchViewController.swift */,
				43378CD0200DF99200F088C4 /* PetSearchViewModel.swift */,
				43BC0484200E6CC400EF64FD /* MissingPetDetailViewController.swift */,
				43617C4120124B3D0025FEA5 /* MissingPetTableViewCell.swift */,
				437312CD201276CF000EC23E /* ButtonTableViewCell.swift */,
				437312CB20126EE9000EC23E /* ListItemDetailTableViewCell.swift */,
			);
			path = "Pet Search page";
			sourceTree = "<group>";
		};
		43AE9B92201B1B730011272E /* Resources */ = {
			isa = PBXGroup;
			children = (
				43AE9B93201B1B9A0011272E /* FontAwesome.ttf */,
				43BC0498200E81C900EF64FD /* GoogleService-Info.plist */,
				43E86ABE1FBC320500B7130B /* AppDelegate.swift */,
				43E86AC51FBC320500B7130B /* Assets.xcassets */,
				4339A3F9201B3ED50094B310 /* group3.png */,
				43E86AC71FBC320500B7130B /* LaunchScreen.storyboard */,
				43E86ACA1FBC320500B7130B /* Info.plist */,
			);
			path = Resources;
			sourceTree = "<group>";
		};
		43E86AB21FBC320500B7130B = {
			isa = PBXGroup;
			children = (
				43E86ABD1FBC320500B7130B /* animalhelp */,
				438216822009D5980077FA5E /* animalhelpTests */,
				43E86ABC1FBC320500B7130B /* Products */,
				43F687081FC5863C00F4CED0 /* Frameworks */,
			);
			sourceTree = "<group>";
		};
		43E86ABC1FBC320500B7130B /* Products */ = {
			isa = PBXGroup;
			children = (
				43E86ABB1FBC320500B7130B /* animalhelp.app */,
				438216812009D5980077FA5E /* animalhelpTests.xctest */,
			);
			name = Products;
			sourceTree = "<group>";
		};
		43E86ABD1FBC320500B7130B /* animalhelp */ = {
			isa = PBXGroup;
			children = (
				43AC09FF1FFE5A6E009F8D70 /* Pet Search page */,
				433B09CB1FFE588000EA0906 /* Account Page */,
				4387C4491FFA212800810698 /* Home Page */,
				4387C44B1FFA214500810698 /* Commons */,
				4387C44A1FFA213F00810698 /* Models */,
				43AE9B92201B1B730011272E /* Resources */,
			);
			path = animalhelp;
			sourceTree = "<group>";
		};
		43F687081FC5863C00F4CED0 /* Frameworks */ = {
			isa = PBXGroup;
			children = (
				43BC04A6200E8C5E00EF64FD /* Bolts.framework */,
				43BC04A0200E8AB800EF64FD /* FBSDKCoreKit.framework */,
				43BC04A2200E8AB800EF64FD /* FBSDKLoginKit.framework */,
				43BC04A1200E8AB800EF64FD /* FBSDKShareKit.framework */,
				43BC049E200E8A9E00EF64FD /* FacebookShare.framework */,
				43BC049C200E8A9B00EF64FD /* FacebookLogin.framework */,
				43BC049A200E8A9900EF64FD /* FacebookCore.framework */,
				43BC0495200E816F00EF64FD /* SafariServices.framework */,
				43BC048E200E811D00EF64FD /* GoogleSignIn.bundle */,
				43BC048F200E811E00EF64FD /* GoogleSignIn.framework */,
				43BC0490200E811E00EF64FD /* GoogleSignInDependencies.framework */,
				438A0D5D1FCDD709005A8CA4 /* GoogleMaps.bundle */,
				438A0D5B1FCDD703005A8CA4 /* GoogleMaps.framework */,
				438A0D551FCDCBB2005A8CA4 /* UIKit.framework */,
				438A0D541FCDCBAD005A8CA4 /* SystemConfiguration.framework */,
				438A0D531FCDCBA8005A8CA4 /* QuartzCore.framework */,
				438A0D521FCDCBA0005A8CA4 /* OpenGLES.framework */,
				438A0D501FCDCB99005A8CA4 /* libz.tbd */,
				438A0D4E1FCDCB90005A8CA4 /* libc++.tbd */,
				438A0D4D1FCDCB85005A8CA4 /* ImageIO.framework */,
				438A0D4C1FCDCB7F005A8CA4 /* GLKit.framework */,
				438A0D4B1FCDCB79005A8CA4 /* CoreText.framework */,
				438A0D4A1FCDCB6A005A8CA4 /* CoreTelephony.framework */,
				438A0D491FCDCB64005A8CA4 /* CoreLocation.framework */,
				438A0D481FCDCB5B005A8CA4 /* CoreGraphics.framework */,
				438A0D471FCDCB51005A8CA4 /* CoreData.framework */,
				438A0D461FCDCB4C005A8CA4 /* Accelerate.framework */,
				438A0D441FCDCB27005A8CA4 /* GoogleMapsBase.framework */,
				438A0D411FCDCB25005A8CA4 /* GoogleMapsCore.framework */,
				439D2FC71FCA00AF00E6EB91 /* Alamofire.framework */,
				439D2FC01FCA00AE00E6EB91 /* Result.framework */,
				439D2FBE1FCA006400E6EB91 /* Moya.framework */,
				43F6870C1FC5887300F4CED0 /* SnapKit.framework */,
			);
			name = Frameworks;
			sourceTree = "<group>";
		};
/* End PBXGroup section */

/* Begin PBXNativeTarget section */
		438216802009D5980077FA5E /* animalhelpTests */ = {
			isa = PBXNativeTarget;
			buildConfigurationList = 438216882009D5980077FA5E /* Build configuration list for PBXNativeTarget "animalhelpTests" */;
			buildPhases = (
				4382167D2009D5980077FA5E /* Sources */,
				4382167E2009D5980077FA5E /* Frameworks */,
				4382167F2009D5980077FA5E /* Resources */,
			);
			buildRules = (
			);
			dependencies = (
				438216872009D5980077FA5E /* PBXTargetDependency */,
			);
			name = animalhelpTests;
			productName = animalhelpTests;
			productReference = 438216812009D5980077FA5E /* animalhelpTests.xctest */;
			productType = "com.apple.product-type.bundle.unit-test";
		};
		43E86ABA1FBC320500B7130B /* animalhelp */ = {
			isa = PBXNativeTarget;
			buildConfigurationList = 43E86ACD1FBC320500B7130B /* Build configuration list for PBXNativeTarget "animalhelp" */;
			buildPhases = (
				43E86AB71FBC320500B7130B /* Sources */,
				43E86AB81FBC320500B7130B /* Frameworks */,
				43E86AB91FBC320500B7130B /* Resources */,
				43F6870B1FC5866C00F4CED0 /* ShellScript */,
			);
			buildRules = (
			);
			dependencies = (
			);
			name = animalhelp;
			productName = animalhelp;
			productReference = 43E86ABB1FBC320500B7130B /* animalhelp.app */;
			productType = "com.apple.product-type.application";
		};
/* End PBXNativeTarget section */

/* Begin PBXProject section */
		43E86AB31FBC320500B7130B /* Project object */ = {
			isa = PBXProject;
			attributes = {
				LastSwiftUpdateCheck = 0910;
				LastUpgradeCheck = 0900;
				ORGANIZATIONNAME = AamirAnwar;
				TargetAttributes = {
					438216802009D5980077FA5E = {
						CreatedOnToolsVersion = 9.1;
						ProvisioningStyle = Automatic;
						TestTargetID = 43E86ABA1FBC320500B7130B;
					};
					43E86ABA1FBC320500B7130B = {
						CreatedOnToolsVersion = 9.0;
						LastSwiftMigration = 0910;
						ProvisioningStyle = Automatic;
					};
				};
			};
			buildConfigurationList = 43E86AB61FBC320500B7130B /* Build configuration list for PBXProject "animalhelp" */;
			compatibilityVersion = "Xcode 8.0";
			developmentRegion = en;
			hasScannedForEncodings = 0;
			knownRegions = (
				en,
				Base,
			);
			mainGroup = 43E86AB21FBC320500B7130B;
			productRefGroup = 43E86ABC1FBC320500B7130B /* Products */;
			projectDirPath = "";
			projectRoot = "";
			targets = (
				43E86ABA1FBC320500B7130B /* animalhelp */,
				438216802009D5980077FA5E /* animalhelpTests */,
			);
		};
/* End PBXProject section */

/* Begin PBXResourcesBuildPhase section */
		4382167F2009D5980077FA5E /* Resources */ = {
			isa = PBXResourcesBuildPhase;
			buildActionMask = 2147483647;
			files = (
			);
			runOnlyForDeploymentPostprocessing = 0;
		};
		43E86AB91FBC320500B7130B /* Resources */ = {
			isa = PBXResourcesBuildPhase;
			buildActionMask = 2147483647;
			files = (
				43E86AC91FBC320500B7130B /* LaunchScreen.storyboard in Resources */,
				43E86AC61FBC320500B7130B /* Assets.xcassets in Resources */,
				43BC0491200E811F00EF64FD /* GoogleSignIn.bundle in Resources */,
				438A0D5E1FCDD709005A8CA4 /* GoogleMaps.bundle in Resources */,
				43BC0499200E81C900EF64FD /* GoogleService-Info.plist in Resources */,
				4339A3FC201B3ED50094B310 /* group3.png in Resources */,
				43AE9B94201B1B9A0011272E /* FontAwesome.ttf in Resources */,
				43AE9B95201B1E960011272E /* Info.plist in Resources */,
			);
			runOnlyForDeploymentPostprocessing = 0;
		};
/* End PBXResourcesBuildPhase section */

/* Begin PBXShellScriptBuildPhase section */
		43F6870B1FC5866C00F4CED0 /* ShellScript */ = {
			isa = PBXShellScriptBuildPhase;
			buildActionMask = 2147483647;
			files = (
			);
			inputPaths = (
				"$(SRCROOT)/Carthage/Build/iOS/SnapKit.framework",
				"$(SRCROOT)/Carthage/Build/iOS/Alamofire.framework",
				"$(SRCROOT)/Carthage/Build/iOS/Moya.framework",
				"$(SRCROOT)/Carthage/Build/iOS/Result.framework",
				"$(SRCROOT)/Carthage/Build/iOS/FacebookLogin.framework",
				"$(SRCROOT)/Carthage/Build/iOS/FBSDKLoginKit.framework",
				"$(SRCROOT)/Carthage/Build/iOS/FacebookCore.framework",
				"$(SRCROOT)/Carthage/Build/iOS/FacebookShare.framework",
				"$(SRCROOT)/Carthage/Build/iOS/FBSDKCoreKit.framework",
				"$(SRCROOT)/Carthage/Build/iOS/FBSDKShareKit.framework",
				"$(SRCROOT)/Carthage/Build/iOS/Bolts.framework",
			);
			outputPaths = (
			);
			runOnlyForDeploymentPostprocessing = 0;
			shellPath = /bin/sh;
			shellScript = "/usr/local/bin/carthage copy-frameworks";
		};
/* End PBXShellScriptBuildPhase section */

/* Begin PBXSourcesBuildPhase section */
		4382167D2009D5980077FA5E /* Sources */ = {
			isa = PBXSourcesBuildPhase;
			buildActionMask = 2147483647;
			files = (
				438216842009D5980077FA5E /* animalhelpTests.swift in Sources */,
			);
			runOnlyForDeploymentPostprocessing = 0;
		};
		43E86AB71FBC320500B7130B /* Sources */ = {
			isa = PBXSourcesBuildPhase;
			buildActionMask = 2147483647;
			files = (
				43A2A56A2011DB97000A7D76 /* StandardListTableViewCell.swift in Sources */,
				438A0D621FCDEF70005A8CA4 /* Constants.swift in Sources */,
				43378CCF200DF6CB00F088C4 /* MissingPet.swift in Sources */,
				43AC0A071FFE7E25009F8D70 /* CustomColors.swift in Sources */,
				437312CC20126EE9000EC23E /* ListItemDetailTableViewCell.swift in Sources */,
				43A2A56C2011E15D000A7D76 /* CustomSeparator.swift in Sources */,
				43367EED2008A771004D6B2C /* ClinicCollectionViewCell.swift in Sources */,
				43378CD1200DF99200F088C4 /* PetSearchViewModel.swift in Sources */,
				43BC0487200E755B00EF64FD /* LoginManager.swift in Sources */,
				43AE9B98201B22A20011272E /* NSString+FontAwesome.m in Sources */,
				4397D4622013C4D900A1C238 /* SelectLocationViewController.swift in Sources */,
				4313A85E1FFE9A3F0043C927 /* UIImage+ImageEffects.m in Sources */,
				43A94EB2201E40020018F3EA /* DetectLocationView.swift in Sources */,
				43A94EB4201E44360018F3EA /* OnboardingViewController.swift in Sources */,
				4399372A200D3C00002D46BC /* CustomNavigationBar.swift in Sources */,
				439D2FBD1FC9E8EA00E6EB91 /* Clinic.swift in Sources */,
				439E489E1FCF060400FAFB67 /* HomeViewModel.swift in Sources */,
				4397D4642013CB4C00A1C238 /* LocationManager.swift in Sources */,
				437312D420128FBB000EC23E /* TermsAndConditionsViewController.swift in Sources */,
				437312D220128D2D000EC23E /* FeedbackViewController.swift in Sources */,
				43AC0A051FFE7D25009F8D70 /* DrawerView.swift in Sources */,
				43705BF22014DD3C00D7296B /* CustomLocation.swift in Sources */,
				438A0D641FCDF2DA005A8CA4 /* Private.swift in Sources */,
				43A2A5682011D965000A7D76 /* UtilityFunctions.swift in Sources */,
				43A2A56E2011E358000A7D76 /* CustomUIKitExtensions.swift in Sources */,
				43617C4220124B3D0025FEA5 /* MissingPetTableViewCell.swift in Sources */,
				43705BF02014C9F200D7296B /* EmptyStateView.swift in Sources */,
				437312D0201289F7000EC23E /* ContributeViewController.swift in Sources */,
				43E86AC11FBC320500B7130B /* HomeViewController.swift in Sources */,
				437312CE201276CF000EC23E /* ButtonTableViewCell.swift in Sources */,
				43BC0485200E6CC400EF64FD /* MissingPetDetailViewController.swift in Sources */,
				43AC0A011FFE5BAD009F8D70 /* BaseViewController.swift in Sources */,
				439E489C1FCEBB2000FAFB67 /* APIService.swift in Sources */,
				43A2A5662011D33C000A7D76 /* SocialLoginTableViewCell.swift in Sources */,
				43E86ABF1FBC320500B7130B /* AppDelegate.swift in Sources */,
				43AC0A031FFE7BD0009F8D70 /* CustomFonts.swift in Sources */,
				433B09CA1FFE587C00EA0906 /* AccountViewController.swift in Sources */,
				43705BF42014EED600D7296B /* InfoPopView.swift in Sources */,
				43BE2F181FFE59BC0005EDD0 /* PetSearchViewController.swift in Sources */,
			);
			runOnlyForDeploymentPostprocessing = 0;
		};
/* End PBXSourcesBuildPhase section */

/* Begin PBXTargetDependency section */
		438216872009D5980077FA5E /* PBXTargetDependency */ = {
			isa = PBXTargetDependency;
			target = 43E86ABA1FBC320500B7130B /* animalhelp */;
			targetProxy = 438216862009D5980077FA5E /* PBXContainerItemProxy */;
		};
/* End PBXTargetDependency section */

/* Begin PBXVariantGroup section */
		43E86AC71FBC320500B7130B /* LaunchScreen.storyboard */ = {
			isa = PBXVariantGroup;
			children = (
				43E86AC81FBC320500B7130B /* Base */,
			);
			name = LaunchScreen.storyboard;
			sourceTree = "<group>";
		};
/* End PBXVariantGroup section */

/* Begin XCBuildConfiguration section */
		438216892009D5980077FA5E /* Debug */ = {
			isa = XCBuildConfiguration;
			buildSettings = {
				BUNDLE_LOADER = "$(TEST_HOST)";
				CODE_SIGN_STYLE = Automatic;
				DEVELOPMENT_TEAM = C3RT9P7X65;
				INFOPLIST_FILE = animalhelpTests/Info.plist;
				IPHONEOS_DEPLOYMENT_TARGET = 11.1;
				LD_RUNPATH_SEARCH_PATHS = "$(inherited) @executable_path/Frameworks @loader_path/Frameworks";
				PRODUCT_BUNDLE_IDENTIFIER = com.aamiranwar.animalhelpTests;
				PRODUCT_NAME = "$(TARGET_NAME)";
				SWIFT_VERSION = 4.0;
				TARGETED_DEVICE_FAMILY = "1,2";
				TEST_HOST = "$(BUILT_PRODUCTS_DIR)/animalhelp.app/animalhelp";
			};
			name = Debug;
		};
		4382168A2009D5980077FA5E /* Release */ = {
			isa = XCBuildConfiguration;
			buildSettings = {
				BUNDLE_LOADER = "$(TEST_HOST)";
				CODE_SIGN_STYLE = Automatic;
				DEVELOPMENT_TEAM = C3RT9P7X65;
				INFOPLIST_FILE = animalhelpTests/Info.plist;
				IPHONEOS_DEPLOYMENT_TARGET = 11.1;
				LD_RUNPATH_SEARCH_PATHS = "$(inherited) @executable_path/Frameworks @loader_path/Frameworks";
				PRODUCT_BUNDLE_IDENTIFIER = com.aamiranwar.animalhelpTests;
				PRODUCT_NAME = "$(TARGET_NAME)";
				SWIFT_VERSION = 4.0;
				TARGETED_DEVICE_FAMILY = "1,2";
				TEST_HOST = "$(BUILT_PRODUCTS_DIR)/animalhelp.app/animalhelp";
			};
			name = Release;
		};
		43E86ACB1FBC320500B7130B /* Debug */ = {
			isa = XCBuildConfiguration;
			buildSettings = {
				ALWAYS_SEARCH_USER_PATHS = NO;
				CLANG_ANALYZER_NONNULL = YES;
				CLANG_ANALYZER_NUMBER_OBJECT_CONVERSION = YES_AGGRESSIVE;
				CLANG_CXX_LANGUAGE_STANDARD = "gnu++14";
				CLANG_CXX_LIBRARY = "libc++";
				CLANG_ENABLE_MODULES = YES;
				CLANG_ENABLE_OBJC_ARC = YES;
				CLANG_WARN_BLOCK_CAPTURE_AUTORELEASING = YES;
				CLANG_WARN_BOOL_CONVERSION = YES;
				CLANG_WARN_COMMA = YES;
				CLANG_WARN_CONSTANT_CONVERSION = YES;
				CLANG_WARN_DIRECT_OBJC_ISA_USAGE = YES_ERROR;
				CLANG_WARN_DOCUMENTATION_COMMENTS = YES;
				CLANG_WARN_EMPTY_BODY = YES;
				CLANG_WARN_ENUM_CONVERSION = YES;
				CLANG_WARN_INFINITE_RECURSION = YES;
				CLANG_WARN_INT_CONVERSION = YES;
				CLANG_WARN_NON_LITERAL_NULL_CONVERSION = YES;
				CLANG_WARN_OBJC_LITERAL_CONVERSION = YES;
				CLANG_WARN_OBJC_ROOT_CLASS = YES_ERROR;
				CLANG_WARN_RANGE_LOOP_ANALYSIS = YES;
				CLANG_WARN_STRICT_PROTOTYPES = YES;
				CLANG_WARN_SUSPICIOUS_MOVE = YES;
				CLANG_WARN_UNGUARDED_AVAILABILITY = YES_AGGRESSIVE;
				CLANG_WARN_UNREACHABLE_CODE = YES;
				CLANG_WARN__DUPLICATE_METHOD_MATCH = YES;
				CODE_SIGN_IDENTITY = "iPhone Developer";
				COPY_PHASE_STRIP = NO;
				DEBUG_INFORMATION_FORMAT = dwarf;
				ENABLE_STRICT_OBJC_MSGSEND = YES;
				ENABLE_TESTABILITY = YES;
				GCC_C_LANGUAGE_STANDARD = gnu11;
				GCC_DYNAMIC_NO_PIC = NO;
				GCC_NO_COMMON_BLOCKS = YES;
				GCC_OPTIMIZATION_LEVEL = 0;
				GCC_PREPROCESSOR_DEFINITIONS = (
					"DEBUG=1",
					"$(inherited)",
				);
				GCC_WARN_64_TO_32_BIT_CONVERSION = YES;
				GCC_WARN_ABOUT_RETURN_TYPE = YES_ERROR;
				GCC_WARN_UNDECLARED_SELECTOR = YES;
				GCC_WARN_UNINITIALIZED_AUTOS = YES_AGGRESSIVE;
				GCC_WARN_UNUSED_FUNCTION = YES;
				GCC_WARN_UNUSED_VARIABLE = YES;
				IPHONEOS_DEPLOYMENT_TARGET = 11.0;
				MTL_ENABLE_DEBUG_INFO = YES;
				ONLY_ACTIVE_ARCH = YES;
				"OTHER_LDFLAGS[arch=*]" = "-ObjC";
				SDKROOT = iphoneos;
				SWIFT_ACTIVE_COMPILATION_CONDITIONS = DEBUG;
				SWIFT_OPTIMIZATION_LEVEL = "-Onone";
			};
			name = Debug;
		};
		43E86ACC1FBC320500B7130B /* Release */ = {
			isa = XCBuildConfiguration;
			buildSettings = {
				ALWAYS_SEARCH_USER_PATHS = NO;
				CLANG_ANALYZER_NONNULL = YES;
				CLANG_ANALYZER_NUMBER_OBJECT_CONVERSION = YES_AGGRESSIVE;
				CLANG_CXX_LANGUAGE_STANDARD = "gnu++14";
				CLANG_CXX_LIBRARY = "libc++";
				CLANG_ENABLE_MODULES = YES;
				CLANG_ENABLE_OBJC_ARC = YES;
				CLANG_WARN_BLOCK_CAPTURE_AUTORELEASING = YES;
				CLANG_WARN_BOOL_CONVERSION = YES;
				CLANG_WARN_COMMA = YES;
				CLANG_WARN_CONSTANT_CONVERSION = YES;
				CLANG_WARN_DIRECT_OBJC_ISA_USAGE = YES_ERROR;
				CLANG_WARN_DOCUMENTATION_COMMENTS = YES;
				CLANG_WARN_EMPTY_BODY = YES;
				CLANG_WARN_ENUM_CONVERSION = YES;
				CLANG_WARN_INFINITE_RECURSION = YES;
				CLANG_WARN_INT_CONVERSION = YES;
				CLANG_WARN_NON_LITERAL_NULL_CONVERSION = YES;
				CLANG_WARN_OBJC_LITERAL_CONVERSION = YES;
				CLANG_WARN_OBJC_ROOT_CLASS = YES_ERROR;
				CLANG_WARN_RANGE_LOOP_ANALYSIS = YES;
				CLANG_WARN_STRICT_PROTOTYPES = YES;
				CLANG_WARN_SUSPICIOUS_MOVE = YES;
				CLANG_WARN_UNGUARDED_AVAILABILITY = YES_AGGRESSIVE;
				CLANG_WARN_UNREACHABLE_CODE = YES;
				CLANG_WARN__DUPLICATE_METHOD_MATCH = YES;
				CODE_SIGN_IDENTITY = "iPhone Developer";
				COPY_PHASE_STRIP = NO;
				DEBUG_INFORMATION_FORMAT = "dwarf-with-dsym";
				ENABLE_NS_ASSERTIONS = NO;
				ENABLE_STRICT_OBJC_MSGSEND = YES;
				GCC_C_LANGUAGE_STANDARD = gnu11;
				GCC_NO_COMMON_BLOCKS = YES;
				GCC_WARN_64_TO_32_BIT_CONVERSION = YES;
				GCC_WARN_ABOUT_RETURN_TYPE = YES_ERROR;
				GCC_WARN_UNDECLARED_SELECTOR = YES;
				GCC_WARN_UNINITIALIZED_AUTOS = YES_AGGRESSIVE;
				GCC_WARN_UNUSED_FUNCTION = YES;
				GCC_WARN_UNUSED_VARIABLE = YES;
				IPHONEOS_DEPLOYMENT_TARGET = 11.0;
				MTL_ENABLE_DEBUG_INFO = NO;
				SDKROOT = iphoneos;
				SWIFT_OPTIMIZATION_LEVEL = "-Owholemodule";
				VALIDATE_PRODUCT = YES;
			};
			name = Release;
		};
		43E86ACE1FBC320500B7130B /* Debug */ = {
			isa = XCBuildConfiguration;
			buildSettings = {
				ASSETCATALOG_COMPILER_APPICON_NAME = "AppIcon-1";
				CLANG_ENABLE_MODULES = YES;
				CODE_SIGN_STYLE = Automatic;
				DEVELOPMENT_TEAM = C3RT9P7X65;
				FRAMEWORK_SEARCH_PATHS = (
					"$(inherited)",
					"$(PROJECT_DIR)/Carthage/Build/iOS",
					"$(PROJECT_DIR)",
				);
				INFOPLIST_FILE = animalhelp/resources/Info.plist;
				LD_RUNPATH_SEARCH_PATHS = "$(inherited) @executable_path/Frameworks";
				"OTHER_LDFLAGS[arch=*]" = (
					"$(OTHER_LDFLAGS)",
					"-ObjC",
				);
				PRODUCT_BUNDLE_IDENTIFIER = com.aamiranwar.animalhelp;
				PRODUCT_NAME = "$(TARGET_NAME)";
				SWIFT_OBJC_BRIDGING_HEADER = "animalhelp/Commons/animalhelp-Bridging-Header.h";
				SWIFT_OPTIMIZATION_LEVEL = "-Onone";
				SWIFT_VERSION = 4.0;
				TARGETED_DEVICE_FAMILY = "1,2";
			};
			name = Debug;
		};
		43E86ACF1FBC320500B7130B /* Release */ = {
			isa = XCBuildConfiguration;
			buildSettings = {
				ASSETCATALOG_COMPILER_APPICON_NAME = "AppIcon-1";
				CLANG_ENABLE_MODULES = YES;
				CODE_SIGN_STYLE = Automatic;
				DEVELOPMENT_TEAM = C3RT9P7X65;
				FRAMEWORK_SEARCH_PATHS = (
					"$(inherited)",
					"$(PROJECT_DIR)/Carthage/Build/iOS",
					"$(PROJECT_DIR)",
				);
				INFOPLIST_FILE = animalhelp/resources/Info.plist;
				LD_RUNPATH_SEARCH_PATHS = "$(inherited) @executable_path/Frameworks";
				"OTHER_LDFLAGS[arch=*]" = "-ObjC";
				PRODUCT_BUNDLE_IDENTIFIER = com.aamiranwar.animalhelp;
				PRODUCT_NAME = "$(TARGET_NAME)";
				SWIFT_OBJC_BRIDGING_HEADER = "animalhelp/Commons/animalhelp-Bridging-Header.h";
				SWIFT_VERSION = 4.0;
				TARGETED_DEVICE_FAMILY = "1,2";
			};
			name = Release;
		};
/* End XCBuildConfiguration section */

/* Begin XCConfigurationList section */
		438216882009D5980077FA5E /* Build configuration list for PBXNativeTarget "animalhelpTests" */ = {
			isa = XCConfigurationList;
			buildConfigurations = (
				438216892009D5980077FA5E /* Debug */,
				4382168A2009D5980077FA5E /* Release */,
			);
			defaultConfigurationIsVisible = 0;
			defaultConfigurationName = Release;
		};
		43E86AB61FBC320500B7130B /* Build configuration list for PBXProject "animalhelp" */ = {
			isa = XCConfigurationList;
			buildConfigurations = (
				43E86ACB1FBC320500B7130B /* Debug */,
				43E86ACC1FBC320500B7130B /* Release */,
			);
			defaultConfigurationIsVisible = 0;
			defaultConfigurationName = Release;
		};
		43E86ACD1FBC320500B7130B /* Build configuration list for PBXNativeTarget "animalhelp" */ = {
			isa = XCConfigurationList;
			buildConfigurations = (
				43E86ACE1FBC320500B7130B /* Debug */,
				43E86ACF1FBC320500B7130B /* Release */,
			);
			defaultConfigurationIsVisible = 0;
			defaultConfigurationName = Release;
		};
/* End XCConfigurationList section */
	};
	rootObject = 43E86AB31FBC320500B7130B /* Project object */;
}
